// !$*UTF8*$!
{
	archiveVersion = 1;
	classes = {
	};
	objectVersion = 46;
	objects = {

/* Begin PBXBuildFile section */
		BF89F7841E4C9E1A00CAF3D3 /* AppDelegate.swift in Sources */ = {isa = PBXBuildFile; fileRef = BF89F7831E4C9E1A00CAF3D3 /* AppDelegate.swift */; };
		BF89F7861E4C9E1A00CAF3D3 /* ViewController.swift in Sources */ = {isa = PBXBuildFile; fileRef = BF89F7851E4C9E1A00CAF3D3 /* ViewController.swift */; };
		BF89F7891E4C9E1A00CAF3D3 /* Main.storyboard in Resources */ = {isa = PBXBuildFile; fileRef = BF89F7871E4C9E1A00CAF3D3 /* Main.storyboard */; };
		BF89F78B1E4C9E1A00CAF3D3 /* Images.xcassets in Resources */ = {isa = PBXBuildFile; fileRef = BF89F78A1E4C9E1A00CAF3D3 /* Images.xcassets */; };
		BF89F78E1E4C9E1A00CAF3D3 /* LaunchScreen.xib in Resources */ = {isa = PBXBuildFile; fileRef = BF89F78C1E4C9E1A00CAF3D3 /* LaunchScreen.xib */; };
		BF89F79A1E4C9E1A00CAF3D3 /* ______Tests.swift in Sources */ = {isa = PBXBuildFile; fileRef = BF89F7991E4C9E1A00CAF3D3 /* ______Tests.swift */; };
/* End PBXBuildFile section */

/* Begin PBXContainerItemProxy section */
		BF89F7941E4C9E1A00CAF3D3 /* PBXContainerItemProxy */ = {
			isa = PBXContainerItemProxy;
			containerPortal = BF89F7761E4C9E1A00CAF3D3 /* Project object */;
			proxyType = 1;
			remoteGlobalIDString = BF89F77D1E4C9E1A00CAF3D3;
			remoteInfo = "时钟箭头旋转";
		};
/* End PBXContainerItemProxy section */

/* Begin PBXFileReference section */
		BF89F77E1E4C9E1A00CAF3D3 /* 时钟箭头旋转.app */ = {isa = PBXFileReference; explicitFileType = wrapper.application; includeInIndex = 0; path = "时钟箭头旋转.app"; sourceTree = BUILT_PRODUCTS_DIR; };
		BF89F7821E4C9E1A00CAF3D3 /* Info.plist */ = {isa = PBXFileReference; lastKnownFileType = text.plist.xml; path = Info.plist; sourceTree = "<group>"; };
		BF89F7831E4C9E1A00CAF3D3 /* AppDelegate.swift */ = {isa = PBXFileReference; lastKnownFileType = sourcecode.swift; path = AppDelegate.swift; sourceTree = "<group>"; };
		BF89F7851E4C9E1A00CAF3D3 /* ViewController.swift */ = {isa = PBXFileReference; lastKnownFileType = sourcecode.swift; path = ViewController.swift; sourceTree = "<group>"; };
		BF89F7881E4C9E1A00CAF3D3 /* Base */ = {isa = PBXFileReference; lastKnownFileType = file.storyboard; name = Base; path = Base.lproj/Main.storyboard; sourceTree = "<group>"; };
		BF89F78A1E4C9E1A00CAF3D3 /* Images.xcassets */ = {isa = PBXFileReference; lastKnownFileType = folder.assetcatalog; path = Images.xcassets; sourceTree = "<group>"; };
		BF89F78D1E4C9E1A00CAF3D3 /* Base */ = {isa = PBXFileReference; lastKnownFileType = file.xib; name = Base; path = Base.lproj/LaunchScreen.xib; sourceTree = "<group>"; };
		BF89F7931E4C9E1A00CAF3D3 /* 时钟箭头旋转Tests.xctest */ = {isa = PBXFileReference; explicitFileType = wrapper.cfbundle; includeInIndex = 0; path = "时钟箭头旋转Tests.xctest"; sourceTree = BUILT_PRODUCTS_DIR; };
		BF89F7981E4C9E1A00CAF3D3 /* Info.plist */ = {isa = PBXFileReference; lastKnownFileType = text.plist.xml; path = Info.plist; sourceTree = "<group>"; };
		BF89F7991E4C9E1A00CAF3D3 /* ______Tests.swift */ = {isa = PBXFileReference; lastKnownFileType = sourcecode.swift; path = "______Tests.swift"; sourceTree = "<group>"; };
/* End PBXFileReference section */

/* Begin PBXFrameworksBuildPhase section */
		BF89F77B1E4C9E1A00CAF3D3 /* Frameworks */ = {
			isa = PBXFrameworksBuildPhase;
			buildActionMask = 2147483647;
			files = (
			);
			runOnlyForDeploymentPostprocessing = 0;
		};
		BF89F7901E4C9E1A00CAF3D3 /* Frameworks */ = {
			isa = PBXFrameworksBuildPhase;
			buildActionMask = 2147483647;
			files = (
			);
			runOnlyForDeploymentPostprocessing = 0;
		};
/* End PBXFrameworksBuildPhase section */

/* Begin PBXGroup section */
		BF89F7751E4C9E1A00CAF3D3 = {
			isa = PBXGroup;
			children = (
				BF89F7801E4C9E1A00CAF3D3 /* 时钟箭头旋转 */,
				BF89F7961E4C9E1A00CAF3D3 /* 时钟箭头旋转Tests */,
				BF89F77F1E4C9E1A00CAF3D3 /* Products */,
			);
			sourceTree = "<group>";
		};
		BF89F77F1E4C9E1A00CAF3D3 /* Products */ = {
			isa = PBXGroup;
			children = (
				BF89F77E1E4C9E1A00CAF3D3 /* 时钟箭头旋转.app */,
				BF89F7931E4C9E1A00CAF3D3 /* 时钟箭头旋转Tests.xctest */,
			);
			name = Products;
			sourceTree = "<group>";
		};
		BF89F7801E4C9E1A00CAF3D3 /* 时钟箭头旋转 */ = {
			isa = PBXGroup;
			children = (
				BF89F7831E4C9E1A00CAF3D3 /* AppDelegate.swift */,
				BF89F7851E4C9E1A00CAF3D3 /* ViewController.swift */,
				BF89F7871E4C9E1A00CAF3D3 /* Main.storyboard */,
				BF89F78A1E4C9E1A00CAF3D3 /* Images.xcassets */,
				BF89F78C1E4C9E1A00CAF3D3 /* LaunchScreen.xib */,
				BF89F7811E4C9E1A00CAF3D3 /* Supporting Files */,
			);
			path = "时钟箭头旋转";
			sourceTree = "<group>";
		};
		BF89F7811E4C9E1A00CAF3D3 /* Supporting Files */ = {
			isa = PBXGroup;
			children = (
				BF89F7821E4C9E1A00CAF3D3 /* Info.plist */,
			);
			name = "Supporting Files";
			sourceTree = "<group>";
		};
		BF89F7961E4C9E1A00CAF3D3 /* 时钟箭头旋转Tests */ = {
			isa = PBXGroup;
			children = (
				BF89F7991E4C9E1A00CAF3D3 /* ______Tests.swift */,
				BF89F7971E4C9E1A00CAF3D3 /* Supporting Files */,
			);
			path = "时钟箭头旋转Tests";
			sourceTree = "<group>";
		};
		BF89F7971E4C9E1A00CAF3D3 /* Supporting Files */ = {
			isa = PBXGroup;
			children = (
				BF89F7981E4C9E1A00CAF3D3 /* Info.plist */,
			);
			name = "Supporting Files";
			sourceTree = "<group>";
		};
/* End PBXGroup section */

/* Begin PBXNativeTarget section */
		BF89F77D1E4C9E1A00CAF3D3 /* 时钟箭头旋转 */ = {
			isa = PBXNativeTarget;
			buildConfigurationList = BF89F79D1E4C9E1A00CAF3D3 /* Build configuration list for PBXNativeTarget "时钟箭头旋转" */;
			buildPhases = (
				BF89F77A1E4C9E1A00CAF3D3 /* Sources */,
				BF89F77B1E4C9E1A00CAF3D3 /* Frameworks */,
				BF89F77C1E4C9E1A00CAF3D3 /* Resources */,
			);
			buildRules = (
			);
			dependencies = (
			);
			name = "时钟箭头旋转";
			productName = "时钟箭头旋转";
			productReference = BF89F77E1E4C9E1A00CAF3D3 /* 时钟箭头旋转.app */;
			productType = "com.apple.product-type.application";
		};
		BF89F7921E4C9E1A00CAF3D3 /* 时钟箭头旋转Tests */ = {
			isa = PBXNativeTarget;
			buildConfigurationList = BF89F7A01E4C9E1A00CAF3D3 /* Build configuration list for PBXNativeTarget "时钟箭头旋转Tests" */;
			buildPhases = (
				BF89F78F1E4C9E1A00CAF3D3 /* Sources */,
				BF89F7901E4C9E1A00CAF3D3 /* Frameworks */,
				BF89F7911E4C9E1A00CAF3D3 /* Resources */,
			);
			buildRules = (
			);
			dependencies = (
				BF89F7951E4C9E1A00CAF3D3 /* PBXTargetDependency */,
			);
			name = "时钟箭头旋转Tests";
			productName = "时钟箭头旋转Tests";
			productReference = BF89F7931E4C9E1A00CAF3D3 /* 时钟箭头旋转Tests.xctest */;
			productType = "com.apple.product-type.bundle.unit-test";
		};
/* End PBXNativeTarget section */

/* Begin PBXProject section */
		BF89F7761E4C9E1A00CAF3D3 /* Project object */ = {
			isa = PBXProject;
			attributes = {
				LastUpgradeCheck = 0640;
				ORGANIZATIONNAME = mzc;
				TargetAttributes = {
					BF89F77D1E4C9E1A00CAF3D3 = {
						CreatedOnToolsVersion = 6.4;
					};
					BF89F7921E4C9E1A00CAF3D3 = {
						CreatedOnToolsVersion = 6.4;
						TestTargetID = BF89F77D1E4C9E1A00CAF3D3;
					};
				};
			};
			buildConfigurationList = BF89F7791E4C9E1A00CAF3D3 /* Build configuration list for PBXProject "时钟箭头旋转" */;
			compatibilityVersion = "Xcode 3.2";
			developmentRegion = English;
			hasScannedForEncodings = 0;
			knownRegions = (
				en,
				Base,
			);
			mainGroup = BF89F7751E4C9E1A00CAF3D3;
			productRefGroup = BF89F77F1E4C9E1A00CAF3D3 /* Products */;
			projectDirPath = "";
			projectRoot = "";
			targets = (
				BF89F77D1E4C9E1A00CAF3D3 /* 时钟箭头旋转 */,
				BF89F7921E4C9E1A00CAF3D3 /* 时钟箭头旋转Tests */,
			);
		};
/* End PBXProject section */

/* Begin PBXResourcesBuildPhase section */
		BF89F77C1E4C9E1A00CAF3D3 /* Resources */ = {
			isa = PBXResourcesBuildPhase;
			buildActionMask = 2147483647;
			files = (
				BF89F7891E4C9E1A00CAF3D3 /* Main.storyboard in Resources */,
				BF89F78E1E4C9E1A00CAF3D3 /* LaunchScreen.xib in Resources */,
				BF89F78B1E4C9E1A00CAF3D3 /* Images.xcassets in Resources */,
			);
			runOnlyForDeploymentPostprocessing = 0;
		};
		BF89F7911E4C9E1A00CAF3D3 /* Resources */ = {
			isa = PBXResourcesBuildPhase;
			buildActionMask = 2147483647;
			files = (
			);
			runOnlyForDeploymentPostprocessing = 0;
		};
/* End PBXResourcesBuildPhase section */

/* Begin PBXSourcesBuildPhase section */
		BF89F77A1E4C9E1A00CAF3D3 /* Sources */ = {
			isa = PBXSourcesBuildPhase;
			buildActionMask = 2147483647;
			files = (
				BF89F7861E4C9E1A00CAF3D3 /* ViewController.swift in Sources */,
				BF89F7841E4C9E1A00CAF3D3 /* AppDelegate.swift in Sources */,
			);
			runOnlyForDeploymentPostprocessing = 0;
		};
		BF89F78F1E4C9E1A00CAF3D3 /* Sources */ = {
			isa = PBXSourcesBuildPhase;
			buildActionMask = 2147483647;
			files = (
				BF89F79A1E4C9E1A00CAF3D3 /* ______Tests.swift in Sources */,
			);
			runOnlyForDeploymentPostprocessing = 0;
		};
/* End PBXSourcesBuildPhase section */

/* Begin PBXTargetDependency section */
		BF89F7951E4C9E1A00CAF3D3 /* PBXTargetDependency */ = {
			isa = PBXTargetDependency;
			target = BF89F77D1E4C9E1A00CAF3D3 /* 时钟箭头旋转 */;
			targetProxy = BF89F7941E4C9E1A00CAF3D3 /* PBXContainerItemProxy */;
		};
/* End PBXTargetDependency section */

/* Begin PBXVariantGroup section */
		BF89F7871E4C9E1A00CAF3D3 /* Main.storyboard */ = {
			isa = PBXVariantGroup;
			children = (
				BF89F7881E4C9E1A00CAF3D3 /* Base */,
			);
			name = Main.storyboard;
			sourceTree = "<group>";
		};
		BF89F78C1E4C9E1A00CAF3D3 /* LaunchScreen.xib */ = {
			isa = PBXVariantGroup;
			children = (
				BF89F78D1E4C9E1A00CAF3D3 /* Base */,
			);
			name = LaunchScreen.xib;
			sourceTree = "<group>";
		};
/* End PBXVariantGroup section */

/* Begin XCBuildConfiguration section */
		BF89F79B1E4C9E1A00CAF3D3 /* Debug */ = {
			isa = XCBuildConfiguration;
			buildSettings = {
				ALWAYS_SEARCH_USER_PATHS = NO;
				CLANG_CXX_LANGUAGE_STANDARD = "gnu++0x";
				CLANG_CXX_LIBRARY = "libc++";
				CLANG_ENABLE_MODULES = YES;
				CLANG_ENABLE_OBJC_ARC = YES;
				CLANG_WARN_BOOL_CONVERSION = YES;
				CLANG_WARN_CONSTANT_CONVERSION = YES;
				CLANG_WARN_DIRECT_OBJC_ISA_USAGE = YES_ERROR;
				CLANG_WARN_EMPTY_BODY = YES;
				CLANG_WARN_ENUM_CONVERSION = YES;
				CLANG_WARN_INT_CONVERSION = YES;
				CLANG_WARN_OBJC_ROOT_CLASS = YES_ERROR;
				CLANG_WARN_UNREACHABLE_CODE = YES;
				CLANG_WARN__DUPLICATE_METHOD_MATCH = YES;
				"CODE_SIGN_IDENTITY[sdk=iphoneos*]" = "iPhone Developer";
				COPY_PHASE_STRIP = NO;
				DEBUG_INFORMATION_FORMAT = "dwarf-with-dsym";
				ENABLE_STRICT_OBJC_MSGSEND = YES;
				GCC_C_LANGUAGE_STANDARD = gnu99;
				GCC_DYNAMIC_NO_PIC = NO;
				GCC_NO_COMMON_BLOCKS = YES;
				GCC_OPTIMIZATION_LEVEL = 0;
				GCC_PREPROCESSOR_DEFINITIONS = (
					"DEBUG=1",
					"$(inherited)",
				);
				GCC_SYMBOLS_PRIVATE_EXTERN = NO;
				GCC_WARN_64_TO_32_BIT_CONVERSION = YES;
				GCC_WARN_ABOUT_RETURN_TYPE = YES_ERROR;
				GCC_WARN_UNDECLARED_SELECTOR = YES;
				GCC_WARN_UNINITIALIZED_AUTOS = YES_AGGRESSIVE;
				GCC_WARN_UNUSED_FUNCTION = YES;
				GCC_WARN_UNUSED_VARIABLE = YES;
				IPHONEOS_DEPLOYMENT_TARGET = 8.4;
				MTL_ENABLE_DEBUG_INFO = YES;
				ONLY_ACTIVE_ARCH = YES;
				SDKROOT = iphoneos;
				SWIFT_OPTIMIZATION_LEVEL = "-Onone";
			};
			name = Debug;
		};
		BF89F79C1E4C9E1A00CAF3D3 /* Release */ = {
			isa = XCBuildConfiguration;
			buildSettings = {
				ALWAYS_SEARCH_USER_PATHS = NO;
				CLANG_CXX_LANGUAGE_STANDARD = "gnu++0x";
				CLANG_CXX_LIBRARY = "libc++";
				CLANG_ENABLE_MODULES = YES;
				CLANG_ENABLE_OBJC_ARC = YES;
				CLANG_WARN_BOOL_CONVERSION = YES;
				CLANG_WARN_CONSTANT_CONVERSION = YES;
				CLANG_WARN_DIRECT_OBJC_ISA_USAGE = YES_ERROR;
				CLANG_WARN_EMPTY_BODY = YES;
				CLANG_WARN_ENUM_CONVERSION = YES;
				CLANG_WARN_INT_CONVERSION = YES;
				CLANG_WARN_OBJC_ROOT_CLASS = YES_ERROR;
				CLANG_WARN_UNREACHABLE_CODE = YES;
				CLANG_WARN__DUPLICATE_METHOD_MATCH = YES;
				"CODE_SIGN_IDENTITY[sdk=iphoneos*]" = "iPhone Developer";
				COPY_PHASE_STRIP = NO;
				DEBUG_INFORMATION_FORMAT = "dwarf-with-dsym";
				ENABLE_NS_ASSERTIONS = NO;
				ENABLE_STRICT_OBJC_MSGSEND = YES;
				GCC_C_LANGUAGE_STANDARD = gnu99;
				GCC_NO_COMMON_BLOCKS = YES;
				GCC_WARN_64_TO_32_BIT_CONVERSION = YES;
				GCC_WARN_ABOUT_RETURN_TYPE = YES_ERROR;
				GCC_WARN_UNDECLARED_SELECTOR = YES;
				GCC_WARN_UNINITIALIZED_AUTOS = YES_AGGRESSIVE;
				GCC_WARN_UNUSED_FUNCTION = YES;
				GCC_WARN_UNUSED_VARIABLE = YES;
				IPHONEOS_DEPLOYMENT_TARGET = 8.4;
				MTL_ENABLE_DEBUG_INFO = NO;
				SDKROOT = iphoneos;
				VALIDATE_PRODUCT = YES;
			};
			name = Release;
		};
		BF89F79E1E4C9E1A00CAF3D3 /* Debug */ = {
			isa = XCBuildConfiguration;
			buildSettings = {
				ASSETCATALOG_COMPILER_APPICON_NAME = AppIcon;
				INFOPLIST_FILE = "时钟箭头旋转/Info.plist";
				LD_RUNPATH_SEARCH_PATHS = "$(inherited) @executable_path/Frameworks";
				PRODUCT_NAME = "$(TARGET_NAME)";
			};
			name = Debug;
		};
		BF89F79F1E4C9E1A00CAF3D3 /* Release */ = {
			isa = XCBuildConfiguration;
			buildSettings = {
				ASSETCATALOG_COMPILER_APPICON_NAME = AppIcon;
				INFOPLIST_FILE = "时钟箭头旋转/Info.plist";
				LD_RUNPATH_SEARCH_PATHS = "$(inherited) @executable_path/Frameworks";
				PRODUCT_NAME = "$(TARGET_NAME)";
			};
			name = Release;
		};
		BF89F7A11E4C9E1A00CAF3D3 /* Debug */ = {
			isa = XCBuildConfiguration;
			buildSettings = {
				BUNDLE_LOADER = "$(TEST_HOST)";
				FRAMEWORK_SEARCH_PATHS = (
					"$(SDKROOT)/Developer/Library/Frameworks",
					"$(inherited)",
				);
				GCC_PREPROCESSOR_DEFINITIONS = (
					"DEBUG=1",
					"$(inherited)",
				);
				INFOPLIST_FILE = "时钟箭头旋转Tests/Info.plist";
				LD_RUNPATH_SEARCH_PATHS = "$(inherited) @executable_path/Frameworks @loader_path/Frameworks";
				PRODUCT_NAME = "$(TARGET_NAME)";
				TEST_HOST = "$(BUILT_PRODUCTS_DIR)/时钟箭头旋转.app/时钟箭头旋转";
			};
			name = Debug;
		};
		BF89F7A21E4C9E1A00CAF3D3 /* Release */ = {
			isa = XCBuildConfiguration;
			buildSettings = {
				BUNDLE_LOADER = "$(TEST_HOST)";
				FRAMEWORK_SEARCH_PATHS = (
					"$(SDKROOT)/Developer/Library/Frameworks",
					"$(inherited)",
				);
				INFOPLIST_FILE = "时钟箭头旋转Tests/Info.plist";
				LD_RUNPATH_SEARCH_PATHS = "$(inherited) @executable_path/Frameworks @loader_path/Frameworks";
				PRODUCT_NAME = "$(TARGET_NAME)";
				TEST_HOST = "$(BUILT_PRODUCTS_DIR)/时钟箭头旋转.app/时钟箭头旋转";
			};
			name = Release;
		};
/* End XCBuildConfiguration section */

/* Begin XCConfigurationList section */
		BF89F7791E4C9E1A00CAF3D3 /* Build configuration list for PBXProject "时钟箭头旋转" */ = {
			isa = XCConfigurationList;
			buildConfigurations = (
				BF89F79B1E4C9E1A00CAF3D3 /* Debug */,
				BF89F79C1E4C9E1A00CAF3D3 /* Release */,
			);
			defaultConfigurationIsVisible = 0;
			defaultConfigurationName = Release;
		};
		BF89F79D1E4C9E1A00CAF3D3 /* Build configuration list for PBXNativeTarget "时钟箭头旋转" */ = {
			isa = XCConfigurationList;
			buildConfigurations = (
				BF89F79E1E4C9E1A00CAF3D3 /* Debug */,
				BF89F79F1E4C9E1A00CAF3D3 /* Release */,
			);
			defaultConfigurationIsVisible = 0;
		};
		BF89F7A01E4C9E1A00CAF3D3 /* Build configuration list for PBXNativeTarget "时钟箭头旋转Tests" */ = {
			isa = XCConfigurationList;
			buildConfigurations = (
				BF89F7A11E4C9E1A00CAF3D3 /* Debug */,
				BF89F7A21E4C9E1A00CAF3D3 /* Release */,
			);
			defaultConfigurationIsVisible = 0;
		};
/* End XCConfigurationList section */
	};
	rootObject = BF89F7761E4C9E1A00CAF3D3 /* Project object */;
}
